
Microsoft Visual Studio Solution File, Format Version 10.00
# Visual Studio 2008
Project("{8BC9CEB8-8B4A-11D0-8D11-00A0C91BC942}") = "gkos", "gkos\gkos.vcproj", "{D5D4C49F-0D7E-4F53-9E89-01F431488436}"
EndProject
Global
	GlobalSection(SolutionConfigurationPlatforms) = preSolution
		Debug|Win32 = Debug|Win32
		Release|Win32 = Release|Win32
	EndGlobalSection
	GlobalSection(ProjectConfigurationPlatforms) = postSolution
		{D5D4C49F-0D7E-4F53-9E89-01F431488436}.Debug|Win32.ActiveCfg = Debug|Win32
		{D5D4C49F-0D7E-4F53-9E89-01F431488436}.Debug|Win32.Build.0 = Debug|Win32
		{D5D4C49F-0D7E-4F53-9E89-01F431488436}.Release|Win32.ActiveCfg = Release|Win32
		{D5D4C49F-0D7E-4F53-9E89-01F431488436}.Release|Win32.Build.0 = Release|Win32
	EndGlobalSection
	GlobalSection(SolutionProperties) = preSolution
		HideSolutionNode = FALSE
	EndGlobalSection
EndGlobal
